
Microsoft Visual Studio Solution File, Format Version 12.00
# Visual Studio Version 17
VisualStudioVersion = 17.12.35707.178 d17.12
MinimumVisualStudioVersion = 10.0.40219.1
Project("{FAE04EC0-301F-11D3-BF4B-00C04F79EFBC}") = "FoodHub.Api", "src\FoodHub.Api\FoodHub.Api.csproj", "{8A61AB83-7430-48CE-B7CF-261BEFFDBE26}"
EndProject
Project("{FAE04EC0-301F-11D3-BF4B-00C04F79EFBC}") = "FoodHub.Restaurant.Domain", "src\FoodHub.Restaurant\FoodHub.Restaurant.Domain\FoodHub.Restaurant.Domain.csproj", "{BC4948DA-C1C3-41B4-A42C-AA80AB0B1C99}"
EndProject
Project("{FAE04EC0-301F-11D3-BF4B-00C04F79EFBC}") = "FoodHub.Restaurant.Application", "src\FoodHub.Restaurant\FoodHub.Restaurant.Application\FoodHub.Restaurant.Application.csproj", "{D870D3E6-D855-4C7A-8ACC-C2339D2A0541}"
EndProject
Project("{FAE04EC0-301F-11D3-BF4B-00C04F79EFBC}") = "FoodHub.Restaurant.Infrastructure", "src\FoodHub.Restaurant\FoodHub.Restaurant.Infrastructure\FoodHub.Restaurant.Infrastructure.csproj", "{5DC90BFF-005B-46E7-967C-07C2E042B2BB}"
EndProject
Project("{FAE04EC0-301F-11D3-BF4B-00C04F79EFBC}") = "FoodHub.Menu.Domain", "src\FoodHub.Menu\FoodHub.Menu.Domain\FoodHub.Menu.Domain.csproj", "{6595F62F-77BE-440F-85D0-40A03906A950}"
EndProject
Project("{FAE04EC0-301F-11D3-BF4B-00C04F79EFBC}") = "FoodHub.Menu.Application", "src\FoodHub.Menu\FoodHub.Menu.Application\FoodHub.Menu.Application.csproj", "{8F6E834B-8119-43FF-A491-A6DCBA10BB54}"
EndProject
Project("{FAE04EC0-301F-11D3-BF4B-00C04F79EFBC}") = "FoodHub.Menu.Infrastructure", "src\FoodHub.Menu\FoodHub.Menu.Infrastructure\FoodHub.Menu.Infrastructure.csproj", "{1BD5B852-323B-42E1-B307-A63FE26F6199}"
EndProject
Project("{FAE04EC0-301F-11D3-BF4B-00C04F79EFBC}") = "FoodHub.User.Domain", "src\FoodHub.User\FoodHub.User.Domain\FoodHub.User.Domain.csproj", "{2C8E4A6C-9B3F-4D7E-8F1A-5B2C3D4E5F6A}"
EndProject
Project("{FAE04EC0-301F-11D3-BF4B-00C04F79EFBC}") = "FoodHub.User.Application", "src\FoodHub.User\FoodHub.User.Application\FoodHub.User.Application.csproj", "{3D9F5B7D-AC4E-5E8F-9F2B-6C3D4E5F6B7C}"
EndProject
Project("{FAE04EC0-301F-11D3-BF4B-00C04F79EFBC}") = "FoodHub.User.Infrastructure", "src\FoodHub.User\FoodHub.User.Infrastructure\FoodHub.User.Infrastructure.csproj", "{4EAF6C8E-BD5F-6F9A-AF3C-7D4E5F6C7D8E}"
EndProject
Project("{FAE04EC0-301F-11D3-BF4B-00C04F79EFBC}") = "FoodHub.Restaurant.Domain.Tests", "tests\FoodHub.Restaurant.Domain.Tests\FoodHub.Restaurant.Domain.Tests.csproj", "{A1B2C3D4-E5F6-4A5B-8C9D-1E2F3A4B5C6D}"
EndProject
Project("{FAE04EC0-301F-11D3-BF4B-00C04F79EFBC}") = "FoodHub.Restaurant.Application.Tests", "tests\FoodHub.Restaurant.Application.Tests\FoodHub.Restaurant.Application.Tests.csproj", "{B2C3D4E5-F6A7-5B6C-9D0E-2F3A4B5C6D7E}"
EndProject
Project("{FAE04EC0-301F-11D3-BF4B-00C04F79EFBC}") = "FoodHub.Menu.Domain.Tests", "tests\FoodHub.Menu.Domain.Tests\FoodHub.Menu.Domain.Tests.csproj", "{C3D4E5F6-A7B8-6C7D-0E1F-3A4B5C6D7E8F}"
EndProject
Project("{FAE04EC0-301F-11D3-BF4B-00C04F79EFBC}") = "FoodHub.Menu.Application.Tests", "tests\FoodHub.Menu.Application.Tests\FoodHub.Menu.Application.Tests.csproj", "{D4E5F6A7-B8C9-7D8E-1F2A-4B5C6D7E8F9A}"
EndProject
Project("{FAE04EC0-301F-11D3-BF4B-00C04F79EFBC}") = "FoodHub.User.Domain.Tests", "tests\FoodHub.User.Domain.Tests\FoodHub.User.Domain.Tests.csproj", "{E5F6A7B8-C9D0-8E9F-2A3B-5C6D7E8F9A0B}"
EndProject
Project("{FAE04EC0-301F-11D3-BF4B-00C04F79EFBC}") = "FoodHub.User.Application.Tests", "tests\FoodHub.User.Application.Tests\FoodHub.User.Application.Tests.csproj", "{F6A7B8C9-D0E1-9F0A-3B4C-6D7E8F9A0B1C}"
EndProject
Global
	GlobalSection(SolutionConfigurationPlatforms) = preSolution
		Debug|Any CPU = Debug|Any CPU
		Release|Any CPU = Release|Any CPU
	EndGlobalSection
	GlobalSection(ProjectConfigurationPlatforms) = postSolution
		{8A61AB83-7430-48CE-B7CF-261BEFFDBE26}.Debug|Any CPU.ActiveCfg = Debug|Any CPU
		{8A61AB83-7430-48CE-B7CF-261BEFFDBE26}.Debug|Any CPU.Build.0 = Debug|Any CPU
		{8A61AB83-7430-48CE-B7CF-261BEFFDBE26}.Release|Any CPU.ActiveCfg = Release|Any CPU
		{8A61AB83-7430-48CE-B7CF-261BEFFDBE26}.Release|Any CPU.Build.0 = Release|Any CPU
		{BC4948DA-C1C3-41B4-A42C-AA80AB0B1C99}.Debug|Any CPU.ActiveCfg = Debug|Any CPU
		{BC4948DA-C1C3-41B4-A42C-AA80AB0B1C99}.Debug|Any CPU.Build.0 = Debug|Any CPU
		{BC4948DA-C1C3-41B4-A42C-AA80AB0B1C99}.Release|Any CPU.ActiveCfg = Release|Any CPU
		{BC4948DA-C1C3-41B4-A42C-AA80AB0B1C99}.Release|Any CPU.Build.0 = Release|Any CPU
		{D870D3E6-D855-4C7A-8ACC-C2339D2A0541}.Debug|Any CPU.ActiveCfg = Debug|Any CPU
		{D870D3E6-D855-4C7A-8ACC-C2339D2A0541}.Debug|Any CPU.Build.0 = Debug|Any CPU
		{D870D3E6-D855-4C7A-8ACC-C2339D2A0541}.Release|Any CPU.ActiveCfg = Release|Any CPU
		{D870D3E6-D855-4C7A-8ACC-C2339D2A0541}.Release|Any CPU.Build.0 = Release|Any CPU
		{5DC90BFF-005B-46E7-967C-07C2E042B2BB}.Debug|Any CPU.ActiveCfg = Debug|Any CPU
		{5DC90BFF-005B-46E7-967C-07C2E042B2BB}.Debug|Any CPU.Build.0 = Debug|Any CPU
		{5DC90BFF-005B-46E7-967C-07C2E042B2BB}.Release|Any CPU.ActiveCfg = Release|Any CPU
		{5DC90BFF-005B-46E7-967C-07C2E042B2BB}.Release|Any CPU.Build.0 = Release|Any CPU
		{6595F62F-77BE-440F-85D0-40A03906A950}.Debug|Any CPU.ActiveCfg = Debug|Any CPU
		{6595F62F-77BE-440F-85D0-40A03906A950}.Debug|Any CPU.Build.0 = Debug|Any CPU
		{6595F62F-77BE-440F-85D0-40A03906A950}.Release|Any CPU.ActiveCfg = Release|Any CPU
		{6595F62F-77BE-440F-85D0-40A03906A950}.Release|Any CPU.Build.0 = Release|Any CPU
		{8F6E834B-8119-43FF-A491-A6DCBA10BB54}.Debug|Any CPU.ActiveCfg = Debug|Any CPU
		{8F6E834B-8119-43FF-A491-A6DCBA10BB54}.Debug|Any CPU.Build.0 = Debug|Any CPU
		{8F6E834B-8119-43FF-A491-A6DCBA10BB54}.Release|Any CPU.ActiveCfg = Release|Any CPU
		{8F6E834B-8119-43FF-A491-A6DCBA10BB54}.Release|Any CPU.Build.0 = Release|Any CPU
		{1BD5B852-323B-42E1-B307-A63FE26F6199}.Debug|Any CPU.ActiveCfg = Debug|Any CPU
		{1BD5B852-323B-42E1-B307-A63FE26F6199}.Debug|Any CPU.Build.0 = Debug|Any CPU
		{1BD5B852-323B-42E1-B307-A63FE26F6199}.Release|Any CPU.ActiveCfg = Release|Any CPU
		{1BD5B852-323B-42E1-B307-A63FE26F6199}.Release|Any CPU.Build.0 = Release|Any CPU
		{2C8E4A6C-9B3F-4D7E-8F1A-5B2C3D4E5F6A}.Debug|Any CPU.ActiveCfg = Debug|Any CPU
		{2C8E4A6C-9B3F-4D7E-8F1A-5B2C3D4E5F6A}.Debug|Any CPU.Build.0 = Debug|Any CPU
		{2C8E4A6C-9B3F-4D7E-8F1A-5B2C3D4E5F6A}.Release|Any CPU.ActiveCfg = Release|Any CPU
		{2C8E4A6C-9B3F-4D7E-8F1A-5B2C3D4E5F6A}.Release|Any CPU.Build.0 = Release|Any CPU
		{3D9F5B7D-AC4E-5E8F-9F2B-6C3D4E5F6B7C}.Debug|Any CPU.ActiveCfg = Debug|Any CPU
		{3D9F5B7D-AC4E-5E8F-9F2B-6C3D4E5F6B7C}.Debug|Any CPU.Build.0 = Debug|Any CPU
		{3D9F5B7D-AC4E-5E8F-9F2B-6C3D4E5F6B7C}.Release|Any CPU.ActiveCfg = Release|Any CPU
		{3D9F5B7D-AC4E-5E8F-9F2B-6C3D4E5F6B7C}.Release|Any CPU.Build.0 = Release|Any CPU
		{4EAF6C8E-BD5F-6F9A-AF3C-7D4E5F6C7D8E}.Debug|Any CPU.ActiveCfg = Debug|Any CPU
		{4EAF6C8E-BD5F-6F9A-AF3C-7D4E5F6C7D8E}.Debug|Any CPU.Build.0 = Debug|Any CPU
		{4EAF6C8E-BD5F-6F9A-AF3C-7D4E5F6C7D8E}.Release|Any CPU.ActiveCfg = Release|Any CPU
		{4EAF6C8E-BD5F-6F9A-AF3C-7D4E5F6C7D8E}.Release|Any CPU.Build.0 = Release|Any CPU
		{A1B2C3D4-E5F6-4A5B-8C9D-1E2F3A4B5C6D}.Debug|Any CPU.ActiveCfg = Debug|Any CPU
		{A1B2C3D4-E5F6-4A5B-8C9D-1E2F3A4B5C6D}.Debug|Any CPU.Build.0 = Debug|Any CPU
		{A1B2C3D4-E5F6-4A5B-8C9D-1E2F3A4B5C6D}.Release|Any CPU.ActiveCfg = Release|Any CPU
		{A1B2C3D4-E5F6-4A5B-8C9D-1E2F3A4B5C6D}.Release|Any CPU.Build.0 = Release|Any CPU
		{B2C3D4E5-F6A7-5B6C-9D0E-2F3A4B5C6D7E}.Debug|Any CPU.ActiveCfg = Debug|Any CPU
		{B2C3D4E5-F6A7-5B6C-9D0E-2F3A4B5C6D7E}.Debug|Any CPU.Build.0 = Debug|Any CPU
		{B2C3D4E5-F6A7-5B6C-9D0E-2F3A4B5C6D7E}.Release|Any CPU.ActiveCfg = Release|Any CPU
		{B2C3D4E5-F6A7-5B6C-9D0E-2F3A4B5C6D7E}.Release|Any CPU.Build.0 = Release|Any CPU
		{C3D4E5F6-A7B8-6C7D-0E1F-3A4B5C6D7E8F}.Debug|Any CPU.ActiveCfg = Debug|Any CPU
		{C3D4E5F6-A7B8-6C7D-0E1F-3A4B5C6D7E8F}.Debug|Any CPU.Build.0 = Debug|Any CPU
		{C3D4E5F6-A7B8-6C7D-0E1F-3A4B5C6D7E8F}.Release|Any CPU.ActiveCfg = Release|Any CPU
		{C3D4E5F6-A7B8-6C7D-0E1F-3A4B5C6D7E8F}.Release|Any CPU.Build.0 = Release|Any CPU
		{D4E5F6A7-B8C9-7D8E-1F2A-4B5C6D7E8F9A}.Debug|Any CPU.ActiveCfg = Debug|Any CPU
		{D4E5F6A7-B8C9-7D8E-1F2A-4B5C6D7E8F9A}.Debug|Any CPU.Build.0 = Debug|Any CPU
		{D4E5F6A7-B8C9-7D8E-1F2A-4B5C6D7E8F9A}.Release|Any CPU.ActiveCfg = Release|Any CPU
		{D4E5F6A7-B8C9-7D8E-1F2A-4B5C6D7E8F9A}.Release|Any CPU.Build.0 = Release|Any CPU
		{E5F6A7B8-C9D0-8E9F-2A3B-5C6D7E8F9A0B}.Debug|Any CPU.ActiveCfg = Debug|Any CPU
		{E5F6A7B8-C9D0-8E9F-2A3B-5C6D7E8F9A0B}.Debug|Any CPU.Build.0 = Debug|Any CPU
		{E5F6A7B8-C9D0-8E9F-2A3B-5C6D7E8F9A0B}.Release|Any CPU.ActiveCfg = Release|Any CPU
		{E5F6A7B8-C9D0-8E9F-2A3B-5C6D7E8F9A0B}.Release|Any CPU.Build.0 = Release|Any CPU
		{F6A7B8C9-D0E1-9F0A-3B4C-6D7E8F9A0B1C}.Debug|Any CPU.ActiveCfg = Debug|Any CPU
		{F6A7B8C9-D0E1-9F0A-3B4C-6D7E8F9A0B1C}.Debug|Any CPU.Build.0 = Debug|Any CPU
		{F6A7B8C9-D0E1-9F0A-3B4C-6D7E8F9A0B1C}.Release|Any CPU.ActiveCfg = Release|Any CPU
		{F6A7B8C9-D0E1-9F0A-3B4C-6D7E8F9A0B1C}.Release|Any CPU.Build.0 = Release|Any CPU
	EndGlobalSection
	GlobalSection(SolutionProperties) = preSolution
		HideSolutionNode = FALSE
	EndGlobalSection
EndGlobal
